
Microsoft Visual Studio Solution File, Format Version 12.00
# Visual Studio Version 16
VisualStudioVersion = 16.0.28803.202
MinimumVisualStudioVersion = 10.0.40219.1
Project("{FAE04EC0-301F-11D3-BF4B-00C04F79EFBC}") = "GitProgramaIntento", "GitProgramaIntento\GitProgramaIntento.csproj", "{ADA76A28-1DD2-4AE9-BB81-A39C0345A2C8}"
EndProject
Global
	GlobalSection(SolutionConfigurationPlatforms) = preSolution
		Debug|Any CPU = Debug|Any CPU
		Release|Any CPU = Release|Any CPU
	EndGlobalSection
	GlobalSection(ProjectConfigurationPlatforms) = postSolution
		{ADA76A28-1DD2-4AE9-BB81-A39C0345A2C8}.Debug|Any CPU.ActiveCfg = Debug|Any CPU
		{ADA76A28-1DD2-4AE9-BB81-A39C0345A2C8}.Debug|Any CPU.Build.0 = Debug|Any CPU
		{ADA76A28-1DD2-4AE9-BB81-A39C0345A2C8}.Release|Any CPU.ActiveCfg = Release|Any CPU
		{ADA76A28-1DD2-4AE9-BB81-A39C0345A2C8}.Release|Any CPU.Build.0 = Release|Any CPU
	EndGlobalSection
	GlobalSection(SolutionProperties) = preSolution
		HideSolutionNode = FALSE
	EndGlobalSection
	GlobalSection(ExtensibilityGlobals) = postSolution
		SolutionGuid = {331E8D8C-93DA-494C-BF30-CF4BF5FEEFCA}
	EndGlobalSection
EndGlobal
